
Microsoft Visual Studio Solution File, Format Version 12.00
# Visual Studio 2013
VisualStudioVersion = 12.0.21005.1
MinimumVisualStudioVersion = 10.0.40219.1
Project("{8BC9CEB8-8B4A-11D0-8D11-00A0C91BC942}") = "C++_NC_day01", "C++_NC_day01\C++_NC_day01.vcxproj", "{BDF7F46D-5E01-4B65-B106-2A16C9F53957}"
EndProject
Global
	GlobalSection(SolutionConfigurationPlatforms) = preSolution
		Debug|Win32 = Debug|Win32
		Release|Win32 = Release|Win32
	EndGlobalSection
	GlobalSection(ProjectConfigurationPlatforms) = postSolution
		{BDF7F46D-5E01-4B65-B106-2A16C9F53957}.Debug|Win32.ActiveCfg = Debug|Win32
		{BDF7F46D-5E01-4B65-B106-2A16C9F53957}.Debug|Win32.Build.0 = Debug|Win32
		{BDF7F46D-5E01-4B65-B106-2A16C9F53957}.Release|Win32.ActiveCfg = Release|Win32
		{BDF7F46D-5E01-4B65-B106-2A16C9F53957}.Release|Win32.Build.0 = Release|Win32
	EndGlobalSection
	GlobalSection(SolutionProperties) = preSolution
		HideSolutionNode = FALSE
	EndGlobalSection
EndGlobal
