
Microsoft Visual Studio Solution File, Format Version 12.00
# Visual Studio 2013
VisualStudioVersion = 12.0.21005.1
MinimumVisualStudioVersion = 10.0.40219.1
Project("{8BC9CEB8-8B4A-11D0-8D11-00A0C91BC942}") = "动态规划(1)", "动态规划(1)\动态规划(1).vcxproj", "{35FD6D31-5D15-4B22-B743-CE29EA047B18}"
EndProject
Global
	GlobalSection(SolutionConfigurationPlatforms) = preSolution
		Debug|Win32 = Debug|Win32
		Release|Win32 = Release|Win32
	EndGlobalSection
	GlobalSection(ProjectConfigurationPlatforms) = postSolution
		{35FD6D31-5D15-4B22-B743-CE29EA047B18}.Debug|Win32.ActiveCfg = Debug|Win32
		{35FD6D31-5D15-4B22-B743-CE29EA047B18}.Debug|Win32.Build.0 = Debug|Win32
		{35FD6D31-5D15-4B22-B743-CE29EA047B18}.Release|Win32.ActiveCfg = Release|Win32
		{35FD6D31-5D15-4B22-B743-CE29EA047B18}.Release|Win32.Build.0 = Release|Win32
	EndGlobalSection
	GlobalSection(SolutionProperties) = preSolution
		HideSolutionNode = FALSE
	EndGlobalSection
EndGlobal
